
Microsoft Visual Studio Solution File, Format Version 12.00
# Visual Studio Version 17
VisualStudioVersion = 17.0.31903.59
MinimumVisualStudioVersion = 10.0.40219.1
Project("{2150E333-8FDC-42A3-9474-1A3956D46DE8}") = "src", "src", "{827E0CD3-B72D-47B6-A68D-7590B98EB39B}"
EndProject
Project("{FAE04EC0-301F-11D3-BF4B-00C04F79EFBC}") = "SB.InvoiceToTransfer.Domain", "src\SB.InvoiceToTransfer.Domain\SB.InvoiceToTransfer.Domain.csproj", "{C3CC770F-2A4B-42A7-9950-07FA3401CA04}"
EndProject
Project("{FAE04EC0-301F-11D3-BF4B-00C04F79EFBC}") = "SB.InvoiceToTransfer.Application", "src\SB.InvoiceToTransfer.Application\SB.InvoiceToTransfer.Application.csproj", "{88E048B0-5676-4C92-99BF-362E64BAAD4D}"
EndProject
Project("{FAE04EC0-301F-11D3-BF4B-00C04F79EFBC}") = "SB.InvoiceToTransfer.Infrastructure", "src\SB.InvoiceToTransfer.Infrastructure\SB.InvoiceToTransfer.Infrastructure.csproj", "{30538934-9136-4A15-9232-41087A520F0D}"
EndProject
Project("{FAE04EC0-301F-11D3-BF4B-00C04F79EFBC}") = "SB.InvoiceToTransfer.Api", "src\SB.InvoiceToTransfer.Api\SB.InvoiceToTransfer.Api.csproj", "{90B9B28E-81B8-48EC-905E-D9AB8FD1BABF}"
EndProject
Project("{2150E333-8FDC-42A3-9474-1A3956D46DE8}") = "tests", "tests", "{0AB3BF05-4346-4AA6-1389-037BE0695223}"
EndProject
Project("{FAE04EC0-301F-11D3-BF4B-00C04F79EFBC}") = "SB.InvoiceToTransfer.UnitTests", "tests\SB.InvoiceToTransfer.UnitTests\SB.InvoiceToTransfer.UnitTests.csproj", "{02FB3912-CE38-46FD-A538-5C8477B69A2B}"
EndProject
Global
	GlobalSection(SolutionConfigurationPlatforms) = preSolution
		Debug|Any CPU = Debug|Any CPU
		Debug|x64 = Debug|x64
		Debug|x86 = Debug|x86
		Release|Any CPU = Release|Any CPU
		Release|x64 = Release|x64
		Release|x86 = Release|x86
	EndGlobalSection
	GlobalSection(ProjectConfigurationPlatforms) = postSolution
		{C3CC770F-2A4B-42A7-9950-07FA3401CA04}.Debug|Any CPU.ActiveCfg = Debug|Any CPU
		{C3CC770F-2A4B-42A7-9950-07FA3401CA04}.Debug|Any CPU.Build.0 = Debug|Any CPU
		{C3CC770F-2A4B-42A7-9950-07FA3401CA04}.Debug|x64.ActiveCfg = Debug|Any CPU
		{C3CC770F-2A4B-42A7-9950-07FA3401CA04}.Debug|x64.Build.0 = Debug|Any CPU
		{C3CC770F-2A4B-42A7-9950-07FA3401CA04}.Debug|x86.ActiveCfg = Debug|Any CPU
		{C3CC770F-2A4B-42A7-9950-07FA3401CA04}.Debug|x86.Build.0 = Debug|Any CPU
		{C3CC770F-2A4B-42A7-9950-07FA3401CA04}.Release|Any CPU.ActiveCfg = Release|Any CPU
		{C3CC770F-2A4B-42A7-9950-07FA3401CA04}.Release|Any CPU.Build.0 = Release|Any CPU
		{C3CC770F-2A4B-42A7-9950-07FA3401CA04}.Release|x64.ActiveCfg = Release|Any CPU
		{C3CC770F-2A4B-42A7-9950-07FA3401CA04}.Release|x64.Build.0 = Release|Any CPU
		{C3CC770F-2A4B-42A7-9950-07FA3401CA04}.Release|x86.ActiveCfg = Release|Any CPU
		{C3CC770F-2A4B-42A7-9950-07FA3401CA04}.Release|x86.Build.0 = Release|Any CPU
		{88E048B0-5676-4C92-99BF-362E64BAAD4D}.Debug|Any CPU.ActiveCfg = Debug|Any CPU
		{88E048B0-5676-4C92-99BF-362E64BAAD4D}.Debug|Any CPU.Build.0 = Debug|Any CPU
		{88E048B0-5676-4C92-99BF-362E64BAAD4D}.Debug|x64.ActiveCfg = Debug|Any CPU
		{88E048B0-5676-4C92-99BF-362E64BAAD4D}.Debug|x64.Build.0 = Debug|Any CPU
		{88E048B0-5676-4C92-99BF-362E64BAAD4D}.Debug|x86.ActiveCfg = Debug|Any CPU
		{88E048B0-5676-4C92-99BF-362E64BAAD4D}.Debug|x86.Build.0 = Debug|Any CPU
		{88E048B0-5676-4C92-99BF-362E64BAAD4D}.Release|Any CPU.ActiveCfg = Release|Any CPU
		{88E048B0-5676-4C92-99BF-362E64BAAD4D}.Release|Any CPU.Build.0 = Release|Any CPU
		{88E048B0-5676-4C92-99BF-362E64BAAD4D}.Release|x64.ActiveCfg = Release|Any CPU
		{88E048B0-5676-4C92-99BF-362E64BAAD4D}.Release|x64.Build.0 = Release|Any CPU
		{88E048B0-5676-4C92-99BF-362E64BAAD4D}.Release|x86.ActiveCfg = Release|Any CPU
		{88E048B0-5676-4C92-99BF-362E64BAAD4D}.Release|x86.Build.0 = Release|Any CPU
		{30538934-9136-4A15-9232-41087A520F0D}.Debug|Any CPU.ActiveCfg = Debug|Any CPU
		{30538934-9136-4A15-9232-41087A520F0D}.Debug|Any CPU.Build.0 = Debug|Any CPU
		{30538934-9136-4A15-9232-41087A520F0D}.Debug|x64.ActiveCfg = Debug|Any CPU
		{30538934-9136-4A15-9232-41087A520F0D}.Debug|x64.Build.0 = Debug|Any CPU
		{30538934-9136-4A15-9232-41087A520F0D}.Debug|x86.ActiveCfg = Debug|Any CPU
		{30538934-9136-4A15-9232-41087A520F0D}.Debug|x86.Build.0 = Debug|Any CPU
		{30538934-9136-4A15-9232-41087A520F0D}.Release|Any CPU.ActiveCfg = Release|Any CPU
		{30538934-9136-4A15-9232-41087A520F0D}.Release|Any CPU.Build.0 = Release|Any CPU
		{30538934-9136-4A15-9232-41087A520F0D}.Release|x64.ActiveCfg = Release|Any CPU
		{30538934-9136-4A15-9232-41087A520F0D}.Release|x64.Build.0 = Release|Any CPU
		{30538934-9136-4A15-9232-41087A520F0D}.Release|x86.ActiveCfg = Release|Any CPU
		{30538934-9136-4A15-9232-41087A520F0D}.Release|x86.Build.0 = Release|Any CPU
		{90B9B28E-81B8-48EC-905E-D9AB8FD1BABF}.Debug|Any CPU.ActiveCfg = Debug|Any CPU
		{90B9B28E-81B8-48EC-905E-D9AB8FD1BABF}.Debug|Any CPU.Build.0 = Debug|Any CPU
		{90B9B28E-81B8-48EC-905E-D9AB8FD1BABF}.Debug|x64.ActiveCfg = Debug|Any CPU
		{90B9B28E-81B8-48EC-905E-D9AB8FD1BABF}.Debug|x64.Build.0 = Debug|Any CPU
		{90B9B28E-81B8-48EC-905E-D9AB8FD1BABF}.Debug|x86.ActiveCfg = Debug|Any CPU
		{90B9B28E-81B8-48EC-905E-D9AB8FD1BABF}.Debug|x86.Build.0 = Debug|Any CPU
		{90B9B28E-81B8-48EC-905E-D9AB8FD1BABF}.Release|Any CPU.ActiveCfg = Release|Any CPU
		{90B9B28E-81B8-48EC-905E-D9AB8FD1BABF}.Release|Any CPU.Build.0 = Release|Any CPU
		{90B9B28E-81B8-48EC-905E-D9AB8FD1BABF}.Release|x64.ActiveCfg = Release|Any CPU
		{90B9B28E-81B8-48EC-905E-D9AB8FD1BABF}.Release|x64.Build.0 = Release|Any CPU
		{90B9B28E-81B8-48EC-905E-D9AB8FD1BABF}.Release|x86.ActiveCfg = Release|Any CPU
		{90B9B28E-81B8-48EC-905E-D9AB8FD1BABF}.Release|x86.Build.0 = Release|Any CPU
		{02FB3912-CE38-46FD-A538-5C8477B69A2B}.Debug|Any CPU.ActiveCfg = Debug|Any CPU
		{02FB3912-CE38-46FD-A538-5C8477B69A2B}.Debug|Any CPU.Build.0 = Debug|Any CPU
		{02FB3912-CE38-46FD-A538-5C8477B69A2B}.Debug|x64.ActiveCfg = Debug|Any CPU
		{02FB3912-CE38-46FD-A538-5C8477B69A2B}.Debug|x64.Build.0 = Debug|Any CPU
		{02FB3912-CE38-46FD-A538-5C8477B69A2B}.Debug|x86.ActiveCfg = Debug|Any CPU
		{02FB3912-CE38-46FD-A538-5C8477B69A2B}.Debug|x86.Build.0 = Debug|Any CPU
		{02FB3912-CE38-46FD-A538-5C8477B69A2B}.Release|Any CPU.ActiveCfg = Release|Any CPU
		{02FB3912-CE38-46FD-A538-5C8477B69A2B}.Release|Any CPU.Build.0 = Release|Any CPU
		{02FB3912-CE38-46FD-A538-5C8477B69A2B}.Release|x64.ActiveCfg = Release|Any CPU
		{02FB3912-CE38-46FD-A538-5C8477B69A2B}.Release|x64.Build.0 = Release|Any CPU
		{02FB3912-CE38-46FD-A538-5C8477B69A2B}.Release|x86.ActiveCfg = Release|Any CPU
		{02FB3912-CE38-46FD-A538-5C8477B69A2B}.Release|x86.Build.0 = Release|Any CPU
	EndGlobalSection
	GlobalSection(SolutionProperties) = preSolution
		HideSolutionNode = FALSE
	EndGlobalSection
	GlobalSection(NestedProjects) = preSolution
		{C3CC770F-2A4B-42A7-9950-07FA3401CA04} = {827E0CD3-B72D-47B6-A68D-7590B98EB39B}
		{88E048B0-5676-4C92-99BF-362E64BAAD4D} = {827E0CD3-B72D-47B6-A68D-7590B98EB39B}
		{30538934-9136-4A15-9232-41087A520F0D} = {827E0CD3-B72D-47B6-A68D-7590B98EB39B}
		{90B9B28E-81B8-48EC-905E-D9AB8FD1BABF} = {827E0CD3-B72D-47B6-A68D-7590B98EB39B}
		{02FB3912-CE38-46FD-A538-5C8477B69A2B} = {0AB3BF05-4346-4AA6-1389-037BE0695223}
	EndGlobalSection
EndGlobal
